
Microsoft Visual Studio Solution File, Format Version 12.00
# Visual Studio Version 17
VisualStudioVersion = 17.13.35931.197 d17.13
MinimumVisualStudioVersion = 10.0.40219.1
Project("{FAE04EC0-301F-11D3-BF4B-00C04F79EFBC}") = "wordCounter", "wordCounter\wordCounter.csproj", "{8CFE2337-987D-4295-B847-8656AC0D964C}"
EndProject
Global
	GlobalSection(SolutionConfigurationPlatforms) = preSolution
		Debug|Any CPU = Debug|Any CPU
		Release|Any CPU = Release|Any CPU
	EndGlobalSection
	GlobalSection(ProjectConfigurationPlatforms) = postSolution
		{8CFE2337-987D-4295-B847-8656AC0D964C}.Debug|Any CPU.ActiveCfg = Debug|Any CPU
		{8CFE2337-987D-4295-B847-8656AC0D964C}.Debug|Any CPU.Build.0 = Debug|Any CPU
		{8CFE2337-987D-4295-B847-8656AC0D964C}.Release|Any CPU.ActiveCfg = Release|Any CPU
		{8CFE2337-987D-4295-B847-8656AC0D964C}.Release|Any CPU.Build.0 = Release|Any CPU
	EndGlobalSection
	GlobalSection(SolutionProperties) = preSolution
		HideSolutionNode = FALSE
	EndGlobalSection
	GlobalSection(ExtensibilityGlobals) = postSolution
		SolutionGuid = {22B507A4-66D2-487A-8D06-477760CAD2D2}
	EndGlobalSection
EndGlobal
